
Microsoft Visual Studio Solution File, Format Version 12.00
# Visual Studio Version 17
VisualStudioVersion = 17.14.36221.1
MinimumVisualStudioVersion = 10.0.40219.1
Project("{FAE04EC0-301F-11D3-BF4B-00C04F79EFBC}") = "Bank.Blazor", "Bank.Blazor\Bank.Blazor.csproj", "{4404A1A5-02D8-4461-8280-9CE0DF1E3128}"
EndProject
Project("{FAE04EC0-301F-11D3-BF4B-00C04F79EFBC}") = "Bank.Tests", "Bank.Tests\Bank.Tests.csproj", "{DDEA8466-A61E-4B9F-BAC1-2E59CE8EAE1C}"
EndProject
Project("{E53339B2-1760-4266-BCC7-CA923CBCF16C}") = "docker-compose", "docker-compose.dcproj", "{81DDED9D-158B-E303-5F62-77A2896D2A5A}"
EndProject
Project("{FAE04EC0-301F-11D3-BF4B-00C04F79EFBC}") = "Bank.DatabaseStorage", "..\Bank.DatabaseStorage\Bank.DatabaseStorage.csproj", "{F3F9B59B-9AA8-4D0C-901B-D89BF3A56382}"
EndProject
Project("{FAE04EC0-301F-11D3-BF4B-00C04F79EFBC}") = "Identity.API", "Identity.API\Identity.API.csproj", "{DE03480D-506D-4853-AFB8-4DAAE235AE02}"
EndProject
Project("{FAE04EC0-301F-11D3-BF4B-00C04F79EFBC}") = "Identity.Worker", "Identity.Worker\Identity.Worker.csproj", "{6959BE26-E013-8554-B6F9-86A2CEE1E493}"
EndProject
Global
	GlobalSection(SolutionConfigurationPlatforms) = preSolution
		Debug|Any CPU = Debug|Any CPU
		Release|Any CPU = Release|Any CPU
	EndGlobalSection
	GlobalSection(ProjectConfigurationPlatforms) = postSolution
		{4404A1A5-02D8-4461-8280-9CE0DF1E3128}.Debug|Any CPU.ActiveCfg = Debug|Any CPU
		{4404A1A5-02D8-4461-8280-9CE0DF1E3128}.Debug|Any CPU.Build.0 = Debug|Any CPU
		{4404A1A5-02D8-4461-8280-9CE0DF1E3128}.Release|Any CPU.ActiveCfg = Release|Any CPU
		{4404A1A5-02D8-4461-8280-9CE0DF1E3128}.Release|Any CPU.Build.0 = Release|Any CPU
		{DDEA8466-A61E-4B9F-BAC1-2E59CE8EAE1C}.Debug|Any CPU.ActiveCfg = Debug|Any CPU
		{DDEA8466-A61E-4B9F-BAC1-2E59CE8EAE1C}.Debug|Any CPU.Build.0 = Debug|Any CPU
		{DDEA8466-A61E-4B9F-BAC1-2E59CE8EAE1C}.Release|Any CPU.ActiveCfg = Release|Any CPU
		{DDEA8466-A61E-4B9F-BAC1-2E59CE8EAE1C}.Release|Any CPU.Build.0 = Release|Any CPU
		{81DDED9D-158B-E303-5F62-77A2896D2A5A}.Debug|Any CPU.ActiveCfg = Debug|Any CPU
		{81DDED9D-158B-E303-5F62-77A2896D2A5A}.Debug|Any CPU.Build.0 = Debug|Any CPU
		{81DDED9D-158B-E303-5F62-77A2896D2A5A}.Release|Any CPU.ActiveCfg = Release|Any CPU
		{81DDED9D-158B-E303-5F62-77A2896D2A5A}.Release|Any CPU.Build.0 = Release|Any CPU
		{F3F9B59B-9AA8-4D0C-901B-D89BF3A56382}.Debug|Any CPU.ActiveCfg = Debug|Any CPU
		{F3F9B59B-9AA8-4D0C-901B-D89BF3A56382}.Debug|Any CPU.Build.0 = Debug|Any CPU
		{F3F9B59B-9AA8-4D0C-901B-D89BF3A56382}.Release|Any CPU.ActiveCfg = Release|Any CPU
		{F3F9B59B-9AA8-4D0C-901B-D89BF3A56382}.Release|Any CPU.Build.0 = Release|Any CPU
		{DE03480D-506D-4853-AFB8-4DAAE235AE02}.Debug|Any CPU.ActiveCfg = Debug|Any CPU
		{DE03480D-506D-4853-AFB8-4DAAE235AE02}.Debug|Any CPU.Build.0 = Debug|Any CPU
		{DE03480D-506D-4853-AFB8-4DAAE235AE02}.Release|Any CPU.ActiveCfg = Release|Any CPU
		{DE03480D-506D-4853-AFB8-4DAAE235AE02}.Release|Any CPU.Build.0 = Release|Any CPU
		{6959BE26-E013-8554-B6F9-86A2CEE1E493}.Debug|Any CPU.ActiveCfg = Debug|Any CPU
		{6959BE26-E013-8554-B6F9-86A2CEE1E493}.Debug|Any CPU.Build.0 = Debug|Any CPU
		{6959BE26-E013-8554-B6F9-86A2CEE1E493}.Release|Any CPU.ActiveCfg = Release|Any CPU
		{6959BE26-E013-8554-B6F9-86A2CEE1E493}.Release|Any CPU.Build.0 = Release|Any CPU
	EndGlobalSection
	GlobalSection(SolutionProperties) = preSolution
		HideSolutionNode = FALSE
	EndGlobalSection
	GlobalSection(ExtensibilityGlobals) = postSolution
		SolutionGuid = {6CA89C3F-4BB1-407D-9701-E9C6C7BEEBA4}
	EndGlobalSection
EndGlobal
